// !$*UTF8*$!
{
	archiveVersion = 1;
	classes = {
	};
	objectVersion = 46;
	objects = {

/* Begin PBXBuildFile section */
		75832CC21749B49FFD88600F /* Pods_UGWeatherApp2.framework in Frameworks */ = {isa = PBXBuildFile; fileRef = 9D25DC1FD943E329852E4700 /* Pods_UGWeatherApp2.framework */; };
		CEB0D6D81E776E3400329006 /* AppDelegate.swift in Sources */ = {isa = PBXBuildFile; fileRef = CEB0D6D71E776E3400329006 /* AppDelegate.swift */; };
		CEB0D6DA1E776E3400329006 /* WeatherVC.swift in Sources */ = {isa = PBXBuildFile; fileRef = CEB0D6D91E776E3400329006 /* WeatherVC.swift */; };
		CEB0D6DD1E776E3400329006 /* Main.storyboard in Resources */ = {isa = PBXBuildFile; fileRef = CEB0D6DB1E776E3400329006 /* Main.storyboard */; };
		CEB0D6E01E776E3500329006 /* UGWeatherApp2.xcdatamodeld in Sources */ = {isa = PBXBuildFile; fileRef = CEB0D6DE1E776E3500329006 /* UGWeatherApp2.xcdatamodeld */; };
		CEB0D6E21E776E3500329006 /* Assets.xcassets in Resources */ = {isa = PBXBuildFile; fileRef = CEB0D6E11E776E3500329006 /* Assets.xcassets */; };
		CEB0D6E51E776E3500329006 /* LaunchScreen.storyboard in Resources */ = {isa = PBXBuildFile; fileRef = CEB0D6E31E776E3500329006 /* LaunchScreen.storyboard */; };
		CEB0D6ED1E77709900329006 /* Constants.swift in Sources */ = {isa = PBXBuildFile; fileRef = CEB0D6EC1E77709900329006 /* Constants.swift */; };
		CEB0D6EF1E77722200329006 /* currentWeather.swift in Sources */ = {isa = PBXBuildFile; fileRef = CEB0D6EE1E77722200329006 /* currentWeather.swift */; };
/* End PBXBuildFile section */

/* Begin PBXFileReference section */
		747B204AFA04EA7AA2A38D55 /* Pods-UGWeatherApp2.release.xcconfig */ = {isa = PBXFileReference; includeInIndex = 1; lastKnownFileType = text.xcconfig; name = "Pods-UGWeatherApp2.release.xcconfig"; path = "Pods/Target Support Files/Pods-UGWeatherApp2/Pods-UGWeatherApp2.release.xcconfig"; sourceTree = "<group>"; };
		9D25DC1FD943E329852E4700 /* Pods_UGWeatherApp2.framework */ = {isa = PBXFileReference; explicitFileType = wrapper.framework; includeInIndex = 0; path = Pods_UGWeatherApp2.framework; sourceTree = BUILT_PRODUCTS_DIR; };
		C95B968826E7950AFDD3F5BB /* Pods-UGWeatherApp2.debug.xcconfig */ = {isa = PBXFileReference; includeInIndex = 1; lastKnownFileType = text.xcconfig; name = "Pods-UGWeatherApp2.debug.xcconfig"; path = "Pods/Target Support Files/Pods-UGWeatherApp2/Pods-UGWeatherApp2.debug.xcconfig"; sourceTree = "<group>"; };
		CEB0D6D41E776E3400329006 /* UGWeatherApp2.app */ = {isa = PBXFileReference; explicitFileType = wrapper.application; includeInIndex = 0; path = UGWeatherApp2.app; sourceTree = BUILT_PRODUCTS_DIR; };
		CEB0D6D71E776E3400329006 /* AppDelegate.swift */ = {isa = PBXFileReference; lastKnownFileType = sourcecode.swift; path = AppDelegate.swift; sourceTree = "<group>"; };
		CEB0D6D91E776E3400329006 /* WeatherVC.swift */ = {isa = PBXFileReference; lastKnownFileType = sourcecode.swift; path = WeatherVC.swift; sourceTree = "<group>"; };
		CEB0D6DC1E776E3400329006 /* Base */ = {isa = PBXFileReference; lastKnownFileType = file.storyboard; name = Base; path = Base.lproj/Main.storyboard; sourceTree = "<group>"; };
		CEB0D6DF1E776E3500329006 /* UGWeatherApp2.xcdatamodel */ = {isa = PBXFileReference; lastKnownFileType = wrapper.xcdatamodel; path = UGWeatherApp2.xcdatamodel; sourceTree = "<group>"; };
		CEB0D6E11E776E3500329006 /* Assets.xcassets */ = {isa = PBXFileReference; lastKnownFileType = folder.assetcatalog; path = Assets.xcassets; sourceTree = "<group>"; };
		CEB0D6E41E776E3500329006 /* Base */ = {isa = PBXFileReference; lastKnownFileType = file.storyboard; name = Base; path = Base.lproj/LaunchScreen.storyboard; sourceTree = "<group>"; };
		CEB0D6E61E776E3500329006 /* Info.plist */ = {isa = PBXFileReference; lastKnownFileType = text.plist.xml; path = Info.plist; sourceTree = "<group>"; };
		CEB0D6EC1E77709900329006 /* Constants.swift */ = {isa = PBXFileReference; fileEncoding = 4; lastKnownFileType = sourcecode.swift; path = Constants.swift; sourceTree = "<group>"; };
		CEB0D6EE1E77722200329006 /* currentWeather.swift */ = {isa = PBXFileReference; fileEncoding = 4; lastKnownFileType = sourcecode.swift; path = currentWeather.swift; sourceTree = "<group>"; };
/* End PBXFileReference section */

/* Begin PBXFrameworksBuildPhase section */
		CEB0D6D11E776E3400329006 /* Frameworks */ = {
			isa = PBXFrameworksBuildPhase;
			buildActionMask = 2147483647;
			files = (
				75832CC21749B49FFD88600F /* Pods_UGWeatherApp2.framework in Frameworks */,
			);
			runOnlyForDeploymentPostprocessing = 0;
		};
/* End PBXFrameworksBuildPhase section */

/* Begin PBXGroup section */
		160F9606CEB4F1BBB5025CA7 /* Frameworks */ = {
			isa = PBXGroup;
			children = (
				9D25DC1FD943E329852E4700 /* Pods_UGWeatherApp2.framework */,
			);
			name = Frameworks;
			sourceTree = "<group>";
		};
		76C8A91ED8D89C2C75C2013C /* Pods */ = {
			isa = PBXGroup;
			children = (
				C95B968826E7950AFDD3F5BB /* Pods-UGWeatherApp2.debug.xcconfig */,
				747B204AFA04EA7AA2A38D55 /* Pods-UGWeatherApp2.release.xcconfig */,
			);
			name = Pods;
			sourceTree = "<group>";
		};
		CEB0D6CB1E776E3400329006 = {
			isa = PBXGroup;
			children = (
				CEB0D6D61E776E3400329006 /* UGWeatherApp2 */,
				CEB0D6D51E776E3400329006 /* Products */,
				76C8A91ED8D89C2C75C2013C /* Pods */,
				160F9606CEB4F1BBB5025CA7 /* Frameworks */,
			);
			sourceTree = "<group>";
		};
		CEB0D6D51E776E3400329006 /* Products */ = {
			isa = PBXGroup;
			children = (
				CEB0D6D41E776E3400329006 /* UGWeatherApp2.app */,
			);
			name = Products;
			sourceTree = "<group>";
		};
		CEB0D6D61E776E3400329006 /* UGWeatherApp2 */ = {
			isa = PBXGroup;
			children = (
				CEB0D6D71E776E3400329006 /* AppDelegate.swift */,
				CEB0D6D91E776E3400329006 /* WeatherVC.swift */,
				CEB0D6EC1E77709900329006 /* Constants.swift */,
				CEB0D6DB1E776E3400329006 /* Main.storyboard */,
				CEB0D6EE1E77722200329006 /* currentWeather.swift */,
				CEB0D6E11E776E3500329006 /* Assets.xcassets */,
				CEB0D6E31E776E3500329006 /* LaunchScreen.storyboard */,
				CEB0D6E61E776E3500329006 /* Info.plist */,
				CEB0D6DE1E776E3500329006 /* UGWeatherApp2.xcdatamodeld */,
			);
			path = UGWeatherApp2;
			sourceTree = "<group>";
		};
/* End PBXGroup section */

/* Begin PBXNativeTarget section */
		CEB0D6D31E776E3400329006 /* UGWeatherApp2 */ = {
			isa = PBXNativeTarget;
			buildConfigurationList = CEB0D6E91E776E3500329006 /* Build configuration list for PBXNativeTarget "UGWeatherApp2" */;
			buildPhases = (
				B26821A986651A3DAE163727 /* [CP] Check Pods Manifest.lock */,
				CEB0D6D01E776E3400329006 /* Sources */,
				CEB0D6D11E776E3400329006 /* Frameworks */,
				CEB0D6D21E776E3400329006 /* Resources */,
				331AD04E845E617200EDDEFD /* [CP] Embed Pods Frameworks */,
				38ACD6A8B55EE6219679FADE /* [CP] Copy Pods Resources */,
			);
			buildRules = (
			);
			dependencies = (
			);
			name = UGWeatherApp2;
			productName = UGWeatherApp2;
			productReference = CEB0D6D41E776E3400329006 /* UGWeatherApp2.app */;
			productType = "com.apple.product-type.application";
		};
/* End PBXNativeTarget section */

/* Begin PBXProject section */
		CEB0D6CC1E776E3400329006 /* Project object */ = {
			isa = PBXProject;
			attributes = {
				LastSwiftUpdateCheck = 0820;
				LastUpgradeCheck = 0820;
				ORGANIZATIONNAME = "Joe Mayfield";
				TargetAttributes = {
					CEB0D6D31E776E3400329006 = {
						CreatedOnToolsVersion = 8.2.1;
						ProvisioningStyle = Automatic;
					};
				};
			};
			buildConfigurationList = CEB0D6CF1E776E3400329006 /* Build configuration list for PBXProject "UGWeatherApp2" */;
			compatibilityVersion = "Xcode 3.2";
			developmentRegion = English;
			hasScannedForEncodings = 0;
			knownRegions = (
				en,
				Base,
			);
			mainGroup = CEB0D6CB1E776E3400329006;
			productRefGroup = CEB0D6D51E776E3400329006 /* Products */;
			projectDirPath = "";
			projectRoot = "";
			targets = (
				CEB0D6D31E776E3400329006 /* UGWeatherApp2 */,
			);
		};
/* End PBXProject section */

/* Begin PBXResourcesBuildPhase section */
		CEB0D6D21E776E3400329006 /* Resources */ = {
			isa = PBXResourcesBuildPhase;
			buildActionMask = 2147483647;
			files = (
				CEB0D6E51E776E3500329006 /* LaunchScreen.storyboard in Resources */,
				CEB0D6E21E776E3500329006 /* Assets.xcassets in Resources */,
				CEB0D6DD1E776E3400329006 /* Main.storyboard in Resources */,
			);
			runOnlyForDeploymentPostprocessing = 0;
		};
/* End PBXResourcesBuildPhase section */

/* Begin PBXShellScriptBuildPhase section */
		331AD04E845E617200EDDEFD /* [CP] Embed Pods Frameworks */ = {
			isa = PBXShellScriptBuildPhase;
			buildActionMask = 2147483647;
			files = (
			);
			inputPaths = (
			);
			name = "[CP] Embed Pods Frameworks";
			outputPaths = (
			);
			runOnlyForDeploymentPostprocessing = 0;
			shellPath = /bin/sh;
			shellScript = "\"${SRCROOT}/Pods/Target Support Files/Pods-UGWeatherApp2/Pods-UGWeatherApp2-frameworks.sh\"\n";
			showEnvVarsInLog = 0;
		};
		38ACD6A8B55EE6219679FADE /* [CP] Copy Pods Resources */ = {
			isa = PBXShellScriptBuildPhase;
			buildActionMask = 2147483647;
			files = (
			);
			inputPaths = (
			);
			name = "[CP] Copy Pods Resources";
			outputPaths = (
			);
			runOnlyForDeploymentPostprocessing = 0;
			shellPath = /bin/sh;
			shellScript = "\"${SRCROOT}/Pods/Target Support Files/Pods-UGWeatherApp2/Pods-UGWeatherApp2-resources.sh\"\n";
			showEnvVarsInLog = 0;
		};
		B26821A986651A3DAE163727 /* [CP] Check Pods Manifest.lock */ = {
			isa = PBXShellScriptBuildPhase;
			buildActionMask = 2147483647;
			files = (
			);
			inputPaths = (
			);
			name = "[CP] Check Pods Manifest.lock";
			outputPaths = (
			);
			runOnlyForDeploymentPostprocessing = 0;
			shellPath = /bin/sh;
			shellScript = "diff \"${PODS_ROOT}/../Podfile.lock\" \"${PODS_ROOT}/Manifest.lock\" > /dev/null\nif [ $? != 0 ] ; then\n    # print error to STDERR\n    echo \"error: The sandbox is not in sync with the Podfile.lock. Run 'pod install' or update your CocoaPods installation.\" >&2\n    exit 1\nfi\n";
			showEnvVarsInLog = 0;
		};
/* End PBXShellScriptBuildPhase section */

/* Begin PBXSourcesBuildPhase section */
		CEB0D6D01E776E3400329006 /* Sources */ = {
			isa = PBXSourcesBuildPhase;
			buildActionMask = 2147483647;
			files = (
				CEB0D6DA1E776E3400329006 /* WeatherVC.swift in Sources */,
				CEB0D6EF1E77722200329006 /* currentWeather.swift in Sources */,
				CEB0D6E01E776E3500329006 /* UGWeatherApp2.xcdatamodeld in Sources */,
				CEB0D6D81E776E3400329006 /* AppDelegate.swift in Sources */,
				CEB0D6ED1E77709900329006 /* Constants.swift in Sources */,
			);
			runOnlyForDeploymentPostprocessing = 0;
		};
/* End PBXSourcesBuildPhase section */

/* Begin PBXVariantGroup section */
		CEB0D6DB1E776E3400329006 /* Main.storyboard */ = {
			isa = PBXVariantGroup;
			children = (
				CEB0D6DC1E776E3400329006 /* Base */,
			);
			name = Main.storyboard;
			sourceTree = "<group>";
		};
		CEB0D6E31E776E3500329006 /* LaunchScreen.storyboard */ = {
			isa = PBXVariantGroup;
			children = (
				CEB0D6E41E776E3500329006 /* Base */,
			);
			name = LaunchScreen.storyboard;
			sourceTree = "<group>";
		};
/* End PBXVariantGroup section */

/* Begin XCBuildConfiguration section */
		CEB0D6E71E776E3500329006 /* Debug */ = {
			isa = XCBuildConfiguration;
			buildSettings = {
				ALWAYS_SEARCH_USER_PATHS = NO;
				CLANG_ANALYZER_NONNULL = YES;
				CLANG_CXX_LANGUAGE_STANDARD = "gnu++0x";
				CLANG_CXX_LIBRARY = "libc++";
				CLANG_ENABLE_MODULES = YES;
				CLANG_ENABLE_OBJC_ARC = YES;
				CLANG_WARN_BOOL_CONVERSION = YES;
				CLANG_WARN_CONSTANT_CONVERSION = YES;
				CLANG_WARN_DIRECT_OBJC_ISA_USAGE = YES_ERROR;
				CLANG_WARN_DOCUMENTATION_COMMENTS = YES;
				CLANG_WARN_EMPTY_BODY = YES;
				CLANG_WARN_ENUM_CONVERSION = YES;
				CLANG_WARN_INFINITE_RECURSION = YES;
				CLANG_WARN_INT_CONVERSION = YES;
				CLANG_WARN_OBJC_ROOT_CLASS = YES_ERROR;
				CLANG_WARN_SUSPICIOUS_MOVE = YES;
				CLANG_WARN_UNREACHABLE_CODE = YES;
				CLANG_WARN__DUPLICATE_METHOD_MATCH = YES;
				"CODE_SIGN_IDENTITY[sdk=iphoneos*]" = "iPhone Developer";
				COPY_PHASE_STRIP = NO;
				DEBUG_INFORMATION_FORMAT = dwarf;
				ENABLE_STRICT_OBJC_MSGSEND = YES;
				ENABLE_TESTABILITY = YES;
				GCC_C_LANGUAGE_STANDARD = gnu99;
				GCC_DYNAMIC_NO_PIC = NO;
				GCC_NO_COMMON_BLOCKS = YES;
				GCC_OPTIMIZATION_LEVEL = 0;
				GCC_PREPROCESSOR_DEFINITIONS = (
					"DEBUG=1",
					"$(inherited)",
				);
				GCC_WARN_64_TO_32_BIT_CONVERSION = YES;
				GCC_WARN_ABOUT_RETURN_TYPE = YES_ERROR;
				GCC_WARN_UNDECLARED_SELECTOR = YES;
				GCC_WARN_UNINITIALIZED_AUTOS = YES_AGGRESSIVE;
				GCC_WARN_UNUSED_FUNCTION = YES;
				GCC_WARN_UNUSED_VARIABLE = YES;
				IPHONEOS_DEPLOYMENT_TARGET = 10.2;
				MTL_ENABLE_DEBUG_INFO = YES;
				ONLY_ACTIVE_ARCH = YES;
				SDKROOT = iphoneos;
				SWIFT_ACTIVE_COMPILATION_CONDITIONS = DEBUG;
				SWIFT_OPTIMIZATION_LEVEL = "-Onone";
			};
			name = Debug;
		};
		CEB0D6E81E776E3500329006 /* Release */ = {
			isa = XCBuildConfiguration;
			buildSettings = {
				ALWAYS_SEARCH_USER_PATHS = NO;
				CLANG_ANALYZER_NONNULL = YES;
				CLANG_CXX_LANGUAGE_STANDARD = "gnu++0x";
				CLANG_CXX_LIBRARY = "libc++";
				CLANG_ENABLE_MODULES = YES;
				CLANG_ENABLE_OBJC_ARC = YES;
				CLANG_WARN_BOOL_CONVERSION = YES;
				CLANG_WARN_CONSTANT_CONVERSION = YES;
				CLANG_WARN_DIRECT_OBJC_ISA_USAGE = YES_ERROR;
				CLANG_WARN_DOCUMENTATION_COMMENTS = YES;
				CLANG_WARN_EMPTY_BODY = YES;
				CLANG_WARN_ENUM_CONVERSION = YES;
				CLANG_WARN_INFINITE_RECURSION = YES;
				CLANG_WARN_INT_CONVERSION = YES;
				CLANG_WARN_OBJC_ROOT_CLASS = YES_ERROR;
				CLANG_WARN_SUSPICIOUS_MOVE = YES;
				CLANG_WARN_UNREACHABLE_CODE = YES;
				CLANG_WARN__DUPLICATE_METHOD_MATCH = YES;
				"CODE_SIGN_IDENTITY[sdk=iphoneos*]" = "iPhone Developer";
				COPY_PHASE_STRIP = NO;
				DEBUG_INFORMATION_FORMAT = "dwarf-with-dsym";
				ENABLE_NS_ASSERTIONS = NO;
				ENABLE_STRICT_OBJC_MSGSEND = YES;
				GCC_C_LANGUAGE_STANDARD = gnu99;
				GCC_NO_COMMON_BLOCKS = YES;
				GCC_WARN_64_TO_32_BIT_CONVERSION = YES;
				GCC_WARN_ABOUT_RETURN_TYPE = YES_ERROR;
				GCC_WARN_UNDECLARED_SELECTOR = YES;
				GCC_WARN_UNINITIALIZED_AUTOS = YES_AGGRESSIVE;
				GCC_WARN_UNUSED_FUNCTION = YES;
				GCC_WARN_UNUSED_VARIABLE = YES;
				IPHONEOS_DEPLOYMENT_TARGET = 10.2;
				MTL_ENABLE_DEBUG_INFO = NO;
				SDKROOT = iphoneos;
				SWIFT_OPTIMIZATION_LEVEL = "-Owholemodule";
				VALIDATE_PRODUCT = YES;
			};
			name = Release;
		};
		CEB0D6EA1E776E3500329006 /* Debug */ = {
			isa = XCBuildConfiguration;
			baseConfigurationReference = C95B968826E7950AFDD3F5BB /* Pods-UGWeatherApp2.debug.xcconfig */;
			buildSettings = {
				ASSETCATALOG_COMPILER_APPICON_NAME = AppIcon;
				INFOPLIST_FILE = UGWeatherApp2/Info.plist;
				LD_RUNPATH_SEARCH_PATHS = "$(inherited) @executable_path/Frameworks";
				PRODUCT_BUNDLE_IDENTIFIER = com.dragontech.UGWeatherApp2;
				PRODUCT_NAME = "$(TARGET_NAME)";
				SWIFT_VERSION = 3.0;
			};
			name = Debug;
		};
		CEB0D6EB1E776E3500329006 /* Release */ = {
			isa = XCBuildConfiguration;
			baseConfigurationReference = 747B204AFA04EA7AA2A38D55 /* Pods-UGWeatherApp2.release.xcconfig */;
			buildSettings = {
				ASSETCATALOG_COMPILER_APPICON_NAME = AppIcon;
				INFOPLIST_FILE = UGWeatherApp2/Info.plist;
				LD_RUNPATH_SEARCH_PATHS = "$(inherited) @executable_path/Frameworks";
				PRODUCT_BUNDLE_IDENTIFIER = com.dragontech.UGWeatherApp2;
				PRODUCT_NAME = "$(TARGET_NAME)";
				SWIFT_VERSION = 3.0;
			};
			name = Release;
		};
/* End XCBuildConfiguration section */

/* Begin XCConfigurationList section */
		CEB0D6CF1E776E3400329006 /* Build configuration list for PBXProject "UGWeatherApp2" */ = {
			isa = XCConfigurationList;
			buildConfigurations = (
				CEB0D6E71E776E3500329006 /* Debug */,
				CEB0D6E81E776E3500329006 /* Release */,
			);
			defaultConfigurationIsVisible = 0;
			defaultConfigurationName = Release;
		};
		CEB0D6E91E776E3500329006 /* Build configuration list for PBXNativeTarget "UGWeatherApp2" */ = {
			isa = XCConfigurationList;
			buildConfigurations = (
				CEB0D6EA1E776E3500329006 /* Debug */,
				CEB0D6EB1E776E3500329006 /* Release */,
			);
			defaultConfigurationIsVisible = 0;
			defaultConfigurationName = Release;
		};
/* End XCConfigurationList section */

/* Begin XCVersionGroup section */
		CEB0D6DE1E776E3500329006 /* UGWeatherApp2.xcdatamodeld */ = {
			isa = XCVersionGroup;
			children = (
				CEB0D6DF1E776E3500329006 /* UGWeatherApp2.xcdatamodel */,
			);
			currentVersion = CEB0D6DF1E776E3500329006 /* UGWeatherApp2.xcdatamodel */;
			path = UGWeatherApp2.xcdatamodeld;
			sourceTree = "<group>";
			versionGroupType = wrapper.xcdatamodel;
		};
/* End XCVersionGroup section */
	};
	rootObject = CEB0D6CC1E776E3400329006 /* Project object */;
}
